
Microsoft Visual Studio Solution File, Format Version 12.00
# Visual Studio 2012
Project("{FAE04EC0-301F-11D3-BF4B-00C04F79EFBC}") = "duta_deskopt", "duta_deskopt\duta_deskopt.csproj", "{CBBBE0B4-F0E5-49A6-A074-37383C08E086}"
EndProject
Global
	GlobalSection(SolutionConfigurationPlatforms) = preSolution
		Debug|Any CPU = Debug|Any CPU
		Release|Any CPU = Release|Any CPU
	EndGlobalSection
	GlobalSection(ProjectConfigurationPlatforms) = postSolution
		{CBBBE0B4-F0E5-49A6-A074-37383C08E086}.Debug|Any CPU.ActiveCfg = Debug|Any CPU
		{CBBBE0B4-F0E5-49A6-A074-37383C08E086}.Debug|Any CPU.Build.0 = Debug|Any CPU
		{CBBBE0B4-F0E5-49A6-A074-37383C08E086}.Release|Any CPU.ActiveCfg = Release|Any CPU
		{CBBBE0B4-F0E5-49A6-A074-37383C08E086}.Release|Any CPU.Build.0 = Release|Any CPU
	EndGlobalSection
	GlobalSection(SolutionProperties) = preSolution
		HideSolutionNode = FALSE
	EndGlobalSection
EndGlobal
