
Microsoft Visual Studio Solution File, Format Version 12.00
# Visual Studio 2012
Project("{FAE04EC0-301F-11D3-BF4B-00C04F79EFBC}") = "duta_deskopt", "duta_deskopt\duta_deskopt.csproj", "{A3C1730B-878D-4EF8-A4D3-5243F88A5CF3}"
EndProject
Global
	GlobalSection(SolutionConfigurationPlatforms) = preSolution
		Debug|Any CPU = Debug|Any CPU
		Release|Any CPU = Release|Any CPU
	EndGlobalSection
	GlobalSection(ProjectConfigurationPlatforms) = postSolution
		{A3C1730B-878D-4EF8-A4D3-5243F88A5CF3}.Debug|Any CPU.ActiveCfg = Debug|Any CPU
		{A3C1730B-878D-4EF8-A4D3-5243F88A5CF3}.Debug|Any CPU.Build.0 = Debug|Any CPU
		{A3C1730B-878D-4EF8-A4D3-5243F88A5CF3}.Release|Any CPU.ActiveCfg = Release|Any CPU
		{A3C1730B-878D-4EF8-A4D3-5243F88A5CF3}.Release|Any CPU.Build.0 = Release|Any CPU
	EndGlobalSection
	GlobalSection(SolutionProperties) = preSolution
		HideSolutionNode = FALSE
	EndGlobalSection
EndGlobal
